
Microsoft Visual Studio Solution File, Format Version 12.00
# Visual Studio 15
VisualStudioVersion = 15.0.26403.7
MinimumVisualStudioVersion = 10.0.40219.1
Project("{FAE04EC0-301F-11D3-BF4B-00C04F79EFBC}") = "Test.It.With.RabbitMQ", "Testing.RabbitMQ\Test.It.With.RabbitMQ.csproj", "{4012460B-68EE-414C-868F-938443DE9680}"
EndProject
Project("{FAE04EC0-301F-11D3-BF4B-00C04F79EFBC}") = "Test.It.With.RabbitMQ.Tests", "Tests\Testing.RabbitMQ.Tests\Test.It.With.RabbitMQ.Tests.csproj", "{7AA8B5EB-D671-4D79-A013-0A055626A901}"
EndProject
Project("{2150E333-8FDC-42A3-9474-1A3956D46DE8}") = "Tests", "Tests", "{4AA9FA82-1CF5-4017-8D0B-588B446CA315}"
EndProject
Project("{9A19103F-16F7-4668-BE54-9A1E7A4F7556}") = "RabbitMQ.Client", "..\External\rabbitmq-dotnet-client\projects\client\RabbitMQ.Client\RabbitMQ.Client.csproj", "{1B37E63B-3EC1-426C-A83E-A68D058D1892}"
EndProject
Project("{FAE04EC0-301F-11D3-BF4B-00C04F79EFBC}") = "Test.It.With.Amqp.ProtocolGenerator", "Test.It.With.Amqp.ProtocolGenerator\Test.It.With.Amqp.ProtocolGenerator.csproj", "{F630B0CE-0E14-416C-B6C6-0239AABD6859}"
EndProject
Project("{FAE04EC0-301F-11D3-BF4B-00C04F79EFBC}") = "Test.It.With.Amqp.Protocol", "Test.It.With.Amqp.Protocol\Test.It.With.Amqp.Protocol.csproj", "{672EC94A-A850-4018-A656-93A1EABC1DA0}"
EndProject
Project("{FAE04EC0-301F-11D3-BF4B-00C04F79EFBC}") = "Test.It.With.Amqp.Protocol.Tests", "Tests\Test.It.With.Amqp.Protocol.Tests\Test.It.With.Amqp.Protocol.Tests.csproj", "{353BEEAC-9923-49DB-8217-FCB44BFB44BB}"
EndProject
Global
	GlobalSection(SolutionConfigurationPlatforms) = preSolution
		Debug|Any CPU = Debug|Any CPU
		Release|Any CPU = Release|Any CPU
		SignedRelease|Any CPU = SignedRelease|Any CPU
	EndGlobalSection
	GlobalSection(ProjectConfigurationPlatforms) = postSolution
		{4012460B-68EE-414C-868F-938443DE9680}.Debug|Any CPU.ActiveCfg = Debug|Any CPU
		{4012460B-68EE-414C-868F-938443DE9680}.Debug|Any CPU.Build.0 = Debug|Any CPU
		{4012460B-68EE-414C-868F-938443DE9680}.Release|Any CPU.ActiveCfg = Release|Any CPU
		{4012460B-68EE-414C-868F-938443DE9680}.Release|Any CPU.Build.0 = Release|Any CPU
		{4012460B-68EE-414C-868F-938443DE9680}.SignedRelease|Any CPU.ActiveCfg = Release|Any CPU
		{4012460B-68EE-414C-868F-938443DE9680}.SignedRelease|Any CPU.Build.0 = Release|Any CPU
		{7AA8B5EB-D671-4D79-A013-0A055626A901}.Debug|Any CPU.ActiveCfg = Debug|Any CPU
		{7AA8B5EB-D671-4D79-A013-0A055626A901}.Debug|Any CPU.Build.0 = Debug|Any CPU
		{7AA8B5EB-D671-4D79-A013-0A055626A901}.Release|Any CPU.ActiveCfg = Release|Any CPU
		{7AA8B5EB-D671-4D79-A013-0A055626A901}.Release|Any CPU.Build.0 = Release|Any CPU
		{7AA8B5EB-D671-4D79-A013-0A055626A901}.SignedRelease|Any CPU.ActiveCfg = Release|Any CPU
		{7AA8B5EB-D671-4D79-A013-0A055626A901}.SignedRelease|Any CPU.Build.0 = Release|Any CPU
		{1B37E63B-3EC1-426C-A83E-A68D058D1892}.Debug|Any CPU.ActiveCfg = Debug|Any CPU
		{1B37E63B-3EC1-426C-A83E-A68D058D1892}.Debug|Any CPU.Build.0 = Debug|Any CPU
		{1B37E63B-3EC1-426C-A83E-A68D058D1892}.Release|Any CPU.ActiveCfg = Release|Any CPU
		{1B37E63B-3EC1-426C-A83E-A68D058D1892}.Release|Any CPU.Build.0 = Release|Any CPU
		{1B37E63B-3EC1-426C-A83E-A68D058D1892}.SignedRelease|Any CPU.ActiveCfg = SignedRelease|Any CPU
		{1B37E63B-3EC1-426C-A83E-A68D058D1892}.SignedRelease|Any CPU.Build.0 = SignedRelease|Any CPU
		{F630B0CE-0E14-416C-B6C6-0239AABD6859}.Debug|Any CPU.ActiveCfg = Debug|Any CPU
		{F630B0CE-0E14-416C-B6C6-0239AABD6859}.Debug|Any CPU.Build.0 = Debug|Any CPU
		{F630B0CE-0E14-416C-B6C6-0239AABD6859}.Release|Any CPU.ActiveCfg = Release|Any CPU
		{F630B0CE-0E14-416C-B6C6-0239AABD6859}.Release|Any CPU.Build.0 = Release|Any CPU
		{F630B0CE-0E14-416C-B6C6-0239AABD6859}.SignedRelease|Any CPU.ActiveCfg = Release|Any CPU
		{F630B0CE-0E14-416C-B6C6-0239AABD6859}.SignedRelease|Any CPU.Build.0 = Release|Any CPU
		{672EC94A-A850-4018-A656-93A1EABC1DA0}.Debug|Any CPU.ActiveCfg = Debug|Any CPU
		{672EC94A-A850-4018-A656-93A1EABC1DA0}.Debug|Any CPU.Build.0 = Debug|Any CPU
		{672EC94A-A850-4018-A656-93A1EABC1DA0}.Release|Any CPU.ActiveCfg = Release|Any CPU
		{672EC94A-A850-4018-A656-93A1EABC1DA0}.Release|Any CPU.Build.0 = Release|Any CPU
		{672EC94A-A850-4018-A656-93A1EABC1DA0}.SignedRelease|Any CPU.ActiveCfg = Release|Any CPU
		{672EC94A-A850-4018-A656-93A1EABC1DA0}.SignedRelease|Any CPU.Build.0 = Release|Any CPU
		{353BEEAC-9923-49DB-8217-FCB44BFB44BB}.Debug|Any CPU.ActiveCfg = Debug|Any CPU
		{353BEEAC-9923-49DB-8217-FCB44BFB44BB}.Debug|Any CPU.Build.0 = Debug|Any CPU
		{353BEEAC-9923-49DB-8217-FCB44BFB44BB}.Release|Any CPU.ActiveCfg = Release|Any CPU
		{353BEEAC-9923-49DB-8217-FCB44BFB44BB}.Release|Any CPU.Build.0 = Release|Any CPU
		{353BEEAC-9923-49DB-8217-FCB44BFB44BB}.SignedRelease|Any CPU.ActiveCfg = Release|Any CPU
		{353BEEAC-9923-49DB-8217-FCB44BFB44BB}.SignedRelease|Any CPU.Build.0 = Release|Any CPU
	EndGlobalSection
	GlobalSection(SolutionProperties) = preSolution
		HideSolutionNode = FALSE
	EndGlobalSection
	GlobalSection(NestedProjects) = preSolution
		{7AA8B5EB-D671-4D79-A013-0A055626A901} = {4AA9FA82-1CF5-4017-8D0B-588B446CA315}
		{353BEEAC-9923-49DB-8217-FCB44BFB44BB} = {4AA9FA82-1CF5-4017-8D0B-588B446CA315}
	EndGlobalSection
EndGlobal
