
Microsoft Visual Studio Solution File, Format Version 12.00
# Visual Studio 15
VisualStudioVersion = 15.0.26403.7
MinimumVisualStudioVersion = 10.0.40219.1
Project("{FAE04EC0-301F-11D3-BF4B-00C04F79EFBC}") = "Test.It.With.RabbitMQ", "Testing.RabbitMQ\Test.It.With.RabbitMQ.csproj", "{4012460B-68EE-414C-868F-938443DE9680}"
EndProject
Project("{FAE04EC0-301F-11D3-BF4B-00C04F79EFBC}") = "Test.It.With.RabbitMQ.Tests", "Tests\Testing.RabbitMQ.Tests\Test.It.With.RabbitMQ.Tests.csproj", "{7AA8B5EB-D671-4D79-A013-0A055626A901}"
EndProject
Project("{2150E333-8FDC-42A3-9474-1A3956D46DE8}") = "Tests", "Tests", "{4AA9FA82-1CF5-4017-8D0B-588B446CA315}"
EndProject
Project("{FAE04EC0-301F-11D3-BF4B-00C04F79EFBC}") = "Test.It", "Testing.Framework\Test.It.csproj", "{5CDFB500-369F-46BB-BFAC-00960BF47FB9}"
EndProject
Project("{FAE04EC0-301F-11D3-BF4B-00C04F79EFBC}") = "Log.It", "Logging\Log.It.csproj", "{F09B5ACB-273C-4537-954E-18F11850EBBB}"
EndProject
Project("{FAE04EC0-301F-11D3-BF4B-00C04F79EFBC}") = "Test.It.Tests", "Tests\Logging.Tests\Test.It.Tests.csproj", "{B7ED557C-F0EC-4099-862A-026B10B98903}"
EndProject
Project("{FAE04EC0-301F-11D3-BF4B-00C04F79EFBC}") = "Log.It.With.NLog", "Logging.NLog\Log.It.With.NLog.csproj", "{FDC0C80A-5CC5-4FCC-AB6D-712AAC99A8A5}"
EndProject
Project("{FAE04EC0-301F-11D3-BF4B-00C04F79EFBC}") = "Log.It.With.NLog.Tests", "Tests\Logging.NLog.Tests\Log.It.With.NLog.Tests.csproj", "{6D60A611-7B44-4D93-A298-B2E6AB2C9C49}"
EndProject
Project("{FAE04EC0-301F-11D3-BF4B-00C04F79EFBC}") = "Test.It.Hosting.A.ConsoleApplication", "Test.It.Hosting.A.ConsoleApplication\Test.It.Hosting.A.ConsoleApplication.csproj", "{308B052E-6122-4336-8DCA-76B6BE2BBD28}"
EndProject
Project("{FAE04EC0-301F-11D3-BF4B-00C04F79EFBC}") = "Test.It.Hosting.A.ConsoleApplication.Tests", "Tests\Test.It.Hosting.A.ConsoleApplication.Tests\Test.It.Hosting.A.ConsoleApplication.Tests.csproj", "{8F311140-5A43-4638-B3AA-6C07745DFD4D}"
EndProject
Project("{FAE04EC0-301F-11D3-BF4B-00C04F79EFBC}") = "Test.It.Hosting.A.WindowsService.Tests", "Tests\Test.It.Hosting.A.WindowsService.Tests\Test.It.Hosting.A.WindowsService.Tests.csproj", "{D29F47E5-1776-4115-95A6-926649D2DA92}"
EndProject
Project("{FAE04EC0-301F-11D3-BF4B-00C04F79EFBC}") = "Test.It.Hosting.A.WindowsService", "Test.It.Hosting.A.WindowsService\Test.It.Hosting.A.WindowsService.csproj", "{4F89109E-1D2B-4B00-AA3D-818C839650AD}"
EndProject
Project("{FAE04EC0-301F-11D3-BF4B-00C04F79EFBC}") = "Test.It.With.XUnit", "Test.It.With.XUnit\Test.It.With.XUnit.csproj", "{A6ED849B-4934-4DC2-85D4-E34E7D68F404}"
EndProject
Global
	GlobalSection(SolutionConfigurationPlatforms) = preSolution
		Debug|Any CPU = Debug|Any CPU
		Release|Any CPU = Release|Any CPU
	EndGlobalSection
	GlobalSection(ProjectConfigurationPlatforms) = postSolution
		{4012460B-68EE-414C-868F-938443DE9680}.Debug|Any CPU.ActiveCfg = Debug|Any CPU
		{4012460B-68EE-414C-868F-938443DE9680}.Debug|Any CPU.Build.0 = Debug|Any CPU
		{4012460B-68EE-414C-868F-938443DE9680}.Release|Any CPU.ActiveCfg = Release|Any CPU
		{4012460B-68EE-414C-868F-938443DE9680}.Release|Any CPU.Build.0 = Release|Any CPU
		{7AA8B5EB-D671-4D79-A013-0A055626A901}.Debug|Any CPU.ActiveCfg = Debug|Any CPU
		{7AA8B5EB-D671-4D79-A013-0A055626A901}.Debug|Any CPU.Build.0 = Debug|Any CPU
		{7AA8B5EB-D671-4D79-A013-0A055626A901}.Release|Any CPU.ActiveCfg = Release|Any CPU
		{7AA8B5EB-D671-4D79-A013-0A055626A901}.Release|Any CPU.Build.0 = Release|Any CPU
		{5CDFB500-369F-46BB-BFAC-00960BF47FB9}.Debug|Any CPU.ActiveCfg = Debug|Any CPU
		{5CDFB500-369F-46BB-BFAC-00960BF47FB9}.Debug|Any CPU.Build.0 = Debug|Any CPU
		{5CDFB500-369F-46BB-BFAC-00960BF47FB9}.Release|Any CPU.ActiveCfg = Release|Any CPU
		{5CDFB500-369F-46BB-BFAC-00960BF47FB9}.Release|Any CPU.Build.0 = Release|Any CPU
		{F09B5ACB-273C-4537-954E-18F11850EBBB}.Debug|Any CPU.ActiveCfg = Debug|Any CPU
		{F09B5ACB-273C-4537-954E-18F11850EBBB}.Debug|Any CPU.Build.0 = Debug|Any CPU
		{F09B5ACB-273C-4537-954E-18F11850EBBB}.Release|Any CPU.ActiveCfg = Release|Any CPU
		{F09B5ACB-273C-4537-954E-18F11850EBBB}.Release|Any CPU.Build.0 = Release|Any CPU
		{B7ED557C-F0EC-4099-862A-026B10B98903}.Debug|Any CPU.ActiveCfg = Debug|Any CPU
		{B7ED557C-F0EC-4099-862A-026B10B98903}.Debug|Any CPU.Build.0 = Debug|Any CPU
		{B7ED557C-F0EC-4099-862A-026B10B98903}.Release|Any CPU.ActiveCfg = Release|Any CPU
		{B7ED557C-F0EC-4099-862A-026B10B98903}.Release|Any CPU.Build.0 = Release|Any CPU
		{FDC0C80A-5CC5-4FCC-AB6D-712AAC99A8A5}.Debug|Any CPU.ActiveCfg = Debug|Any CPU
		{FDC0C80A-5CC5-4FCC-AB6D-712AAC99A8A5}.Debug|Any CPU.Build.0 = Debug|Any CPU
		{FDC0C80A-5CC5-4FCC-AB6D-712AAC99A8A5}.Release|Any CPU.ActiveCfg = Release|Any CPU
		{FDC0C80A-5CC5-4FCC-AB6D-712AAC99A8A5}.Release|Any CPU.Build.0 = Release|Any CPU
		{6D60A611-7B44-4D93-A298-B2E6AB2C9C49}.Debug|Any CPU.ActiveCfg = Debug|Any CPU
		{6D60A611-7B44-4D93-A298-B2E6AB2C9C49}.Debug|Any CPU.Build.0 = Debug|Any CPU
		{6D60A611-7B44-4D93-A298-B2E6AB2C9C49}.Release|Any CPU.ActiveCfg = Release|Any CPU
		{6D60A611-7B44-4D93-A298-B2E6AB2C9C49}.Release|Any CPU.Build.0 = Release|Any CPU
		{308B052E-6122-4336-8DCA-76B6BE2BBD28}.Debug|Any CPU.ActiveCfg = Debug|Any CPU
		{308B052E-6122-4336-8DCA-76B6BE2BBD28}.Debug|Any CPU.Build.0 = Debug|Any CPU
		{308B052E-6122-4336-8DCA-76B6BE2BBD28}.Release|Any CPU.ActiveCfg = Release|Any CPU
		{308B052E-6122-4336-8DCA-76B6BE2BBD28}.Release|Any CPU.Build.0 = Release|Any CPU
		{8F311140-5A43-4638-B3AA-6C07745DFD4D}.Debug|Any CPU.ActiveCfg = Debug|Any CPU
		{8F311140-5A43-4638-B3AA-6C07745DFD4D}.Debug|Any CPU.Build.0 = Debug|Any CPU
		{8F311140-5A43-4638-B3AA-6C07745DFD4D}.Release|Any CPU.ActiveCfg = Release|Any CPU
		{8F311140-5A43-4638-B3AA-6C07745DFD4D}.Release|Any CPU.Build.0 = Release|Any CPU
		{D29F47E5-1776-4115-95A6-926649D2DA92}.Debug|Any CPU.ActiveCfg = Debug|Any CPU
		{D29F47E5-1776-4115-95A6-926649D2DA92}.Debug|Any CPU.Build.0 = Debug|Any CPU
		{D29F47E5-1776-4115-95A6-926649D2DA92}.Release|Any CPU.ActiveCfg = Release|Any CPU
		{D29F47E5-1776-4115-95A6-926649D2DA92}.Release|Any CPU.Build.0 = Release|Any CPU
		{4F89109E-1D2B-4B00-AA3D-818C839650AD}.Debug|Any CPU.ActiveCfg = Debug|Any CPU
		{4F89109E-1D2B-4B00-AA3D-818C839650AD}.Debug|Any CPU.Build.0 = Debug|Any CPU
		{4F89109E-1D2B-4B00-AA3D-818C839650AD}.Release|Any CPU.ActiveCfg = Release|Any CPU
		{4F89109E-1D2B-4B00-AA3D-818C839650AD}.Release|Any CPU.Build.0 = Release|Any CPU
		{A6ED849B-4934-4DC2-85D4-E34E7D68F404}.Debug|Any CPU.ActiveCfg = Debug|Any CPU
		{A6ED849B-4934-4DC2-85D4-E34E7D68F404}.Debug|Any CPU.Build.0 = Debug|Any CPU
		{A6ED849B-4934-4DC2-85D4-E34E7D68F404}.Release|Any CPU.ActiveCfg = Release|Any CPU
		{A6ED849B-4934-4DC2-85D4-E34E7D68F404}.Release|Any CPU.Build.0 = Release|Any CPU
	EndGlobalSection
	GlobalSection(SolutionProperties) = preSolution
		HideSolutionNode = FALSE
	EndGlobalSection
	GlobalSection(NestedProjects) = preSolution
		{7AA8B5EB-D671-4D79-A013-0A055626A901} = {4AA9FA82-1CF5-4017-8D0B-588B446CA315}
		{B7ED557C-F0EC-4099-862A-026B10B98903} = {4AA9FA82-1CF5-4017-8D0B-588B446CA315}
		{6D60A611-7B44-4D93-A298-B2E6AB2C9C49} = {4AA9FA82-1CF5-4017-8D0B-588B446CA315}
		{8F311140-5A43-4638-B3AA-6C07745DFD4D} = {4AA9FA82-1CF5-4017-8D0B-588B446CA315}
		{D29F47E5-1776-4115-95A6-926649D2DA92} = {4AA9FA82-1CF5-4017-8D0B-588B446CA315}
	EndGlobalSection
EndGlobal
